
Microsoft Visual Studio Solution File, Format Version 12.00
# Visual Studio 15
VisualStudioVersion = 15.0.27130.2036
MinimumVisualStudioVersion = 10.0.40219.1
Project("{FAE04EC0-301F-11D3-BF4B-00C04F79EFBC}") = "Proj1", "Proj1\Proj1.csproj", "{F82CEE24-A475-4322-BC9A-22734F161631}"
EndProject
Global
	GlobalSection(SolutionConfigurationPlatforms) = preSolution
		Debug|Any CPU = Debug|Any CPU
		Release|Any CPU = Release|Any CPU
	EndGlobalSection
	GlobalSection(ProjectConfigurationPlatforms) = postSolution
		{F82CEE24-A475-4322-BC9A-22734F161631}.Debug|Any CPU.ActiveCfg = Debug|Any CPU
		{F82CEE24-A475-4322-BC9A-22734F161631}.Debug|Any CPU.Build.0 = Debug|Any CPU
		{F82CEE24-A475-4322-BC9A-22734F161631}.Release|Any CPU.ActiveCfg = Release|Any CPU
		{F82CEE24-A475-4322-BC9A-22734F161631}.Release|Any CPU.Build.0 = Release|Any CPU
	EndGlobalSection
	GlobalSection(SolutionProperties) = preSolution
		HideSolutionNode = FALSE
	EndGlobalSection
	GlobalSection(ExtensibilityGlobals) = postSolution
		SolutionGuid = {68B3A66F-F484-45B7-A268-5B4F07A9A6E1}
	EndGlobalSection
EndGlobal
